// !$*UTF8*$!
{
	archiveVersion = 1;
	classes = {
	};
	objectVersion = 51;
	objects = {

/* Begin PBXBuildFile section */
		2AF180797D50385519D0DB64 /* Pods_BoomsetEventTests.framework in Frameworks */ = {isa = PBXBuildFile; fileRef = 82EF7450BD669639BB3BC1AD /* Pods_BoomsetEventTests.framework */; };
		714463C66CA2887F2A3B02F7 /* Pods_BoomsetEvent_BoomsetEventUITests.framework in Frameworks */ = {isa = PBXBuildFile; fileRef = 0BDB104DFAD908A5DC0D2BF4 /* Pods_BoomsetEvent_BoomsetEventUITests.framework */; };
		DB15621C237EFD4E00F2A7F1 /* LoginInteractor.swift in Sources */ = {isa = PBXBuildFile; fileRef = DB15621B237EFD4E00F2A7F1 /* LoginInteractor.swift */; };
		DB260337237E03FF0076F63A /* AppDelegate.swift in Sources */ = {isa = PBXBuildFile; fileRef = DB260336237E03FF0076F63A /* AppDelegate.swift */; };
		DB260339237E03FF0076F63A /* SceneDelegate.swift in Sources */ = {isa = PBXBuildFile; fileRef = DB260338237E03FF0076F63A /* SceneDelegate.swift */; };
		DB26033E237E03FF0076F63A /* Main.storyboard in Resources */ = {isa = PBXBuildFile; fileRef = DB26033C237E03FF0076F63A /* Main.storyboard */; };
		DB260340237E04000076F63A /* Assets.xcassets in Resources */ = {isa = PBXBuildFile; fileRef = DB26033F237E04000076F63A /* Assets.xcassets */; };
		DB260343237E04000076F63A /* LaunchScreen.storyboard in Resources */ = {isa = PBXBuildFile; fileRef = DB260341237E04000076F63A /* LaunchScreen.storyboard */; };
		DB26034E237E04000076F63A /* BoomsetEventTests.swift in Sources */ = {isa = PBXBuildFile; fileRef = DB26034D237E04000076F63A /* BoomsetEventTests.swift */; };
		DB260359237E04010076F63A /* BoomsetEventUITests.swift in Sources */ = {isa = PBXBuildFile; fileRef = DB260358237E04010076F63A /* BoomsetEventUITests.swift */; };
		DB26036C237E04900076F63A /* LoginViewController.swift in Sources */ = {isa = PBXBuildFile; fileRef = DB26036A237E04900076F63A /* LoginViewController.swift */; };
		DB26036D237E04900076F63A /* LoginViewController.xib in Resources */ = {isa = PBXBuildFile; fileRef = DB26036B237E04900076F63A /* LoginViewController.xib */; };
		DB260375237E0B300076F63A /* UIView+Extensions.swift in Sources */ = {isa = PBXBuildFile; fileRef = DB260374237E0B300076F63A /* UIView+Extensions.swift */; };
		DB48CA9F237F03CB0082C86E /* ApiService.swift in Sources */ = {isa = PBXBuildFile; fileRef = DB48CA9E237F03CB0082C86E /* ApiService.swift */; };
		DB48CAA1237F040E0082C86E /* EApiErrorType.swift in Sources */ = {isa = PBXBuildFile; fileRef = DB48CAA0237F040E0082C86E /* EApiErrorType.swift */; };
		DB48CAA3237F04300082C86E /* ECallbackResultType.swift in Sources */ = {isa = PBXBuildFile; fileRef = DB48CAA2237F04300082C86E /* ECallbackResultType.swift */; };
		DB48CAA5237F04490082C86E /* ApiErrorModel.swift in Sources */ = {isa = PBXBuildFile; fileRef = DB48CAA4237F04490082C86E /* ApiErrorModel.swift */; };
		DB48CAA7237F04690082C86E /* EHttpStatusCode.swift in Sources */ = {isa = PBXBuildFile; fileRef = DB48CAA6237F04690082C86E /* EHttpStatusCode.swift */; };
		DB4D4C92237FF11A004AAFAE /* GuestsViewController.swift in Sources */ = {isa = PBXBuildFile; fileRef = DB4D4C90237FF11A004AAFAE /* GuestsViewController.swift */; };
		DB4D4C93237FF11A004AAFAE /* GuestsViewController.xib in Resources */ = {isa = PBXBuildFile; fileRef = DB4D4C91237FF11A004AAFAE /* GuestsViewController.xib */; };
		DB4D4C95237FF641004AAFAE /* Collection+SafeCheck.swift in Sources */ = {isa = PBXBuildFile; fileRef = DB4D4C94237FF641004AAFAE /* Collection+SafeCheck.swift */; };
		DB611DAE237F2A2600041BAF /* UIViewController+Extensions.swift in Sources */ = {isa = PBXBuildFile; fileRef = DB611DAD237F2A2600041BAF /* UIViewController+Extensions.swift */; };
		DB611DB3237F2F8400041BAF /* EventsViewController.swift in Sources */ = {isa = PBXBuildFile; fileRef = DB611DB1237F2F8400041BAF /* EventsViewController.swift */; };
		DB611DB4237F2F8400041BAF /* EventsViewController.xib in Resources */ = {isa = PBXBuildFile; fileRef = DB611DB2237F2F8400041BAF /* EventsViewController.xib */; };
		DB611DB7237F319E00041BAF /* LoginPresenter.swift in Sources */ = {isa = PBXBuildFile; fileRef = DB611DB6237F319E00041BAF /* LoginPresenter.swift */; };
		DB611DBC237F3DAF00041BAF /* LoginPresenterProtocol.swift in Sources */ = {isa = PBXBuildFile; fileRef = DB611DBB237F3DAF00041BAF /* LoginPresenterProtocol.swift */; };
		DB611DBF237F415600041BAF /* LoginApiWorker.swift in Sources */ = {isa = PBXBuildFile; fileRef = DB611DBE237F415600041BAF /* LoginApiWorker.swift */; };
		DB611DC3237F4B0400041BAF /* LoginApiWorkerProtocol.swift in Sources */ = {isa = PBXBuildFile; fileRef = DB611DC2237F4B0400041BAF /* LoginApiWorkerProtocol.swift */; };
		DB611DC5237F4B7700041BAF /* LoginInteractorProtocol.swift in Sources */ = {isa = PBXBuildFile; fileRef = DB611DC4237F4B7700041BAF /* LoginInteractorProtocol.swift */; };
		DB611DC7237F558400041BAF /* LoginViewProtocol.swift in Sources */ = {isa = PBXBuildFile; fileRef = DB611DC6237F558400041BAF /* LoginViewProtocol.swift */; };
		DB82BD4D237F6971000B8D21 /* EventsPresenter.swift in Sources */ = {isa = PBXBuildFile; fileRef = DB82BD4C237F6971000B8D21 /* EventsPresenter.swift */; };
		DB82BD4F237F6984000B8D21 /* EventsPresenterProtocol.swift in Sources */ = {isa = PBXBuildFile; fileRef = DB82BD4E237F6984000B8D21 /* EventsPresenterProtocol.swift */; };
		DB82BD52237F6A55000B8D21 /* EventsInteractor.swift in Sources */ = {isa = PBXBuildFile; fileRef = DB82BD51237F6A55000B8D21 /* EventsInteractor.swift */; };
		DB82BD54237F6A62000B8D21 /* EventsInteractorProtocol.swift in Sources */ = {isa = PBXBuildFile; fileRef = DB82BD53237F6A62000B8D21 /* EventsInteractorProtocol.swift */; };
		DB82BD57237F6ABD000B8D21 /* EventsApiWorker.swift in Sources */ = {isa = PBXBuildFile; fileRef = DB82BD56237F6ABD000B8D21 /* EventsApiWorker.swift */; };
		DB82BD59237F6ACB000B8D21 /* EventsApiWorkerProtocol.swift in Sources */ = {isa = PBXBuildFile; fileRef = DB82BD58237F6ACB000B8D21 /* EventsApiWorkerProtocol.swift */; };
		DB82BD5D237F6CA0000B8D21 /* Event.swift in Sources */ = {isa = PBXBuildFile; fileRef = DB82BD5C237F6CA0000B8D21 /* Event.swift */; };
		DB82BD5F237F6D2C000B8D21 /* EventResponse.swift in Sources */ = {isa = PBXBuildFile; fileRef = DB82BD5E237F6D2C000B8D21 /* EventResponse.swift */; };
		DB82BD61237F6EDD000B8D21 /* EventsViewProtocol.swift in Sources */ = {isa = PBXBuildFile; fileRef = DB82BD60237F6EDD000B8D21 /* EventsViewProtocol.swift */; };
		DB82BD65237F74C1000B8D21 /* EventsTableViewCell.swift in Sources */ = {isa = PBXBuildFile; fileRef = DB82BD63237F74C1000B8D21 /* EventsTableViewCell.swift */; };
		DB82BD66237F74C1000B8D21 /* EventsTableViewCell.xib in Resources */ = {isa = PBXBuildFile; fileRef = DB82BD64237F74C1000B8D21 /* EventsTableViewCell.xib */; };
		DB82BD69237F7740000B8D21 /* EventViewModel.swift in Sources */ = {isa = PBXBuildFile; fileRef = DB82BD68237F7740000B8D21 /* EventViewModel.swift */; };
		DBFE0900237F194800F1B2B0 /* UserService.swift in Sources */ = {isa = PBXBuildFile; fileRef = DBFE08FF237F194800F1B2B0 /* UserService.swift */; };
		DBFE0902237F19CC00F1B2B0 /* User.swift in Sources */ = {isa = PBXBuildFile; fileRef = DBFE0901237F19CC00F1B2B0 /* User.swift */; };
		DBFE0904237F1C0900F1B2B0 /* Config.swift in Sources */ = {isa = PBXBuildFile; fileRef = DBFE0903237F1C0900F1B2B0 /* Config.swift */; };
		FEBE7DD47D869E4E5D918052 /* Pods_BoomsetEvent.framework in Frameworks */ = {isa = PBXBuildFile; fileRef = 7BA45A8DFFC33D3FFC8B780B /* Pods_BoomsetEvent.framework */; };
/* End PBXBuildFile section */

/* Begin PBXContainerItemProxy section */
		DB26034A237E04000076F63A /* PBXContainerItemProxy */ = {
			isa = PBXContainerItemProxy;
			containerPortal = DB26032B237E03FF0076F63A /* Project object */;
			proxyType = 1;
			remoteGlobalIDString = DB260332237E03FF0076F63A;
			remoteInfo = BoomsetEvent;
		};
		DB260355237E04010076F63A /* PBXContainerItemProxy */ = {
			isa = PBXContainerItemProxy;
			containerPortal = DB26032B237E03FF0076F63A /* Project object */;
			proxyType = 1;
			remoteGlobalIDString = DB260332237E03FF0076F63A;
			remoteInfo = BoomsetEvent;
		};
/* End PBXContainerItemProxy section */

/* Begin PBXFileReference section */
		0BDB104DFAD908A5DC0D2BF4 /* Pods_BoomsetEvent_BoomsetEventUITests.framework */ = {isa = PBXFileReference; explicitFileType = wrapper.framework; includeInIndex = 0; path = Pods_BoomsetEvent_BoomsetEventUITests.framework; sourceTree = BUILT_PRODUCTS_DIR; };
		13B049C54B55D1A4E2ABDC37 /* Pods-BoomsetEvent.debug.xcconfig */ = {isa = PBXFileReference; includeInIndex = 1; lastKnownFileType = text.xcconfig; name = "Pods-BoomsetEvent.debug.xcconfig"; path = "Target Support Files/Pods-BoomsetEvent/Pods-BoomsetEvent.debug.xcconfig"; sourceTree = "<group>"; };
		1846D503861251DF35444019 /* Pods-BoomsetEvent-BoomsetEventUITests.debug.xcconfig */ = {isa = PBXFileReference; includeInIndex = 1; lastKnownFileType = text.xcconfig; name = "Pods-BoomsetEvent-BoomsetEventUITests.debug.xcconfig"; path = "Target Support Files/Pods-BoomsetEvent-BoomsetEventUITests/Pods-BoomsetEvent-BoomsetEventUITests.debug.xcconfig"; sourceTree = "<group>"; };
		3B77B9F423A7147FA10A2030 /* Pods-BoomsetEvent-BoomsetEventUITests.release.xcconfig */ = {isa = PBXFileReference; includeInIndex = 1; lastKnownFileType = text.xcconfig; name = "Pods-BoomsetEvent-BoomsetEventUITests.release.xcconfig"; path = "Target Support Files/Pods-BoomsetEvent-BoomsetEventUITests/Pods-BoomsetEvent-BoomsetEventUITests.release.xcconfig"; sourceTree = "<group>"; };
		7BA45A8DFFC33D3FFC8B780B /* Pods_BoomsetEvent.framework */ = {isa = PBXFileReference; explicitFileType = wrapper.framework; includeInIndex = 0; path = Pods_BoomsetEvent.framework; sourceTree = BUILT_PRODUCTS_DIR; };
		82EF7450BD669639BB3BC1AD /* Pods_BoomsetEventTests.framework */ = {isa = PBXFileReference; explicitFileType = wrapper.framework; includeInIndex = 0; path = Pods_BoomsetEventTests.framework; sourceTree = BUILT_PRODUCTS_DIR; };
		849A7FC3BF8E7EE4F292BD6F /* Pods-BoomsetEvent.release.xcconfig */ = {isa = PBXFileReference; includeInIndex = 1; lastKnownFileType = text.xcconfig; name = "Pods-BoomsetEvent.release.xcconfig"; path = "Target Support Files/Pods-BoomsetEvent/Pods-BoomsetEvent.release.xcconfig"; sourceTree = "<group>"; };
		95E274EE31ADAD8E9CD9B73D /* Pods-BoomsetEventTests.debug.xcconfig */ = {isa = PBXFileReference; includeInIndex = 1; lastKnownFileType = text.xcconfig; name = "Pods-BoomsetEventTests.debug.xcconfig"; path = "Target Support Files/Pods-BoomsetEventTests/Pods-BoomsetEventTests.debug.xcconfig"; sourceTree = "<group>"; };
		DB15621B237EFD4E00F2A7F1 /* LoginInteractor.swift */ = {isa = PBXFileReference; lastKnownFileType = sourcecode.swift; path = LoginInteractor.swift; sourceTree = "<group>"; };
		DB260333237E03FF0076F63A /* BoomsetEvent.app */ = {isa = PBXFileReference; explicitFileType = wrapper.application; includeInIndex = 0; path = BoomsetEvent.app; sourceTree = BUILT_PRODUCTS_DIR; };
		DB260336237E03FF0076F63A /* AppDelegate.swift */ = {isa = PBXFileReference; lastKnownFileType = sourcecode.swift; path = AppDelegate.swift; sourceTree = "<group>"; };
		DB260338237E03FF0076F63A /* SceneDelegate.swift */ = {isa = PBXFileReference; lastKnownFileType = sourcecode.swift; path = SceneDelegate.swift; sourceTree = "<group>"; };
		DB26033D237E03FF0076F63A /* Base */ = {isa = PBXFileReference; lastKnownFileType = file.storyboard; name = Base; path = Base.lproj/Main.storyboard; sourceTree = "<group>"; };
		DB26033F237E04000076F63A /* Assets.xcassets */ = {isa = PBXFileReference; lastKnownFileType = folder.assetcatalog; path = Assets.xcassets; sourceTree = "<group>"; };
		DB260342237E04000076F63A /* Base */ = {isa = PBXFileReference; lastKnownFileType = file.storyboard; name = Base; path = Base.lproj/LaunchScreen.storyboard; sourceTree = "<group>"; };
		DB260344237E04000076F63A /* Info.plist */ = {isa = PBXFileReference; lastKnownFileType = text.plist.xml; path = Info.plist; sourceTree = "<group>"; };
		DB260349237E04000076F63A /* BoomsetEventTests.xctest */ = {isa = PBXFileReference; explicitFileType = wrapper.cfbundle; includeInIndex = 0; path = BoomsetEventTests.xctest; sourceTree = BUILT_PRODUCTS_DIR; };
		DB26034D237E04000076F63A /* BoomsetEventTests.swift */ = {isa = PBXFileReference; lastKnownFileType = sourcecode.swift; path = BoomsetEventTests.swift; sourceTree = "<group>"; };
		DB26034F237E04010076F63A /* Info.plist */ = {isa = PBXFileReference; lastKnownFileType = text.plist.xml; path = Info.plist; sourceTree = "<group>"; };
		DB260354237E04010076F63A /* BoomsetEventUITests.xctest */ = {isa = PBXFileReference; explicitFileType = wrapper.cfbundle; includeInIndex = 0; path = BoomsetEventUITests.xctest; sourceTree = BUILT_PRODUCTS_DIR; };
		DB260358237E04010076F63A /* BoomsetEventUITests.swift */ = {isa = PBXFileReference; lastKnownFileType = sourcecode.swift; path = BoomsetEventUITests.swift; sourceTree = "<group>"; };
		DB26035A237E04010076F63A /* Info.plist */ = {isa = PBXFileReference; lastKnownFileType = text.plist.xml; path = Info.plist; sourceTree = "<group>"; };
		DB26036A237E04900076F63A /* LoginViewController.swift */ = {isa = PBXFileReference; lastKnownFileType = sourcecode.swift; path = LoginViewController.swift; sourceTree = "<group>"; };
		DB26036B237E04900076F63A /* LoginViewController.xib */ = {isa = PBXFileReference; lastKnownFileType = file.xib; path = LoginViewController.xib; sourceTree = "<group>"; };
		DB260374237E0B300076F63A /* UIView+Extensions.swift */ = {isa = PBXFileReference; lastKnownFileType = sourcecode.swift; path = "UIView+Extensions.swift"; sourceTree = "<group>"; };
		DB48CA9E237F03CB0082C86E /* ApiService.swift */ = {isa = PBXFileReference; lastKnownFileType = sourcecode.swift; path = ApiService.swift; sourceTree = "<group>"; };
		DB48CAA0237F040E0082C86E /* EApiErrorType.swift */ = {isa = PBXFileReference; lastKnownFileType = sourcecode.swift; path = EApiErrorType.swift; sourceTree = "<group>"; };
		DB48CAA2237F04300082C86E /* ECallbackResultType.swift */ = {isa = PBXFileReference; lastKnownFileType = sourcecode.swift; path = ECallbackResultType.swift; sourceTree = "<group>"; };
		DB48CAA4237F04490082C86E /* ApiErrorModel.swift */ = {isa = PBXFileReference; lastKnownFileType = sourcecode.swift; path = ApiErrorModel.swift; sourceTree = "<group>"; };
		DB48CAA6237F04690082C86E /* EHttpStatusCode.swift */ = {isa = PBXFileReference; lastKnownFileType = sourcecode.swift; path = EHttpStatusCode.swift; sourceTree = "<group>"; };
		DB4D4C90237FF11A004AAFAE /* GuestsViewController.swift */ = {isa = PBXFileReference; lastKnownFileType = sourcecode.swift; path = GuestsViewController.swift; sourceTree = "<group>"; };
		DB4D4C91237FF11A004AAFAE /* GuestsViewController.xib */ = {isa = PBXFileReference; lastKnownFileType = file.xib; path = GuestsViewController.xib; sourceTree = "<group>"; };
		DB4D4C94237FF641004AAFAE /* Collection+SafeCheck.swift */ = {isa = PBXFileReference; lastKnownFileType = sourcecode.swift; path = "Collection+SafeCheck.swift"; sourceTree = "<group>"; };
		DB611DAD237F2A2600041BAF /* UIViewController+Extensions.swift */ = {isa = PBXFileReference; lastKnownFileType = sourcecode.swift; path = "UIViewController+Extensions.swift"; sourceTree = "<group>"; };
		DB611DB1237F2F8400041BAF /* EventsViewController.swift */ = {isa = PBXFileReference; lastKnownFileType = sourcecode.swift; path = EventsViewController.swift; sourceTree = "<group>"; };
		DB611DB2237F2F8400041BAF /* EventsViewController.xib */ = {isa = PBXFileReference; lastKnownFileType = file.xib; path = EventsViewController.xib; sourceTree = "<group>"; };
		DB611DB6237F319E00041BAF /* LoginPresenter.swift */ = {isa = PBXFileReference; lastKnownFileType = sourcecode.swift; path = LoginPresenter.swift; sourceTree = "<group>"; };
		DB611DBB237F3DAF00041BAF /* LoginPresenterProtocol.swift */ = {isa = PBXFileReference; lastKnownFileType = sourcecode.swift; path = LoginPresenterProtocol.swift; sourceTree = "<group>"; };
		DB611DBE237F415600041BAF /* LoginApiWorker.swift */ = {isa = PBXFileReference; lastKnownFileType = sourcecode.swift; path = LoginApiWorker.swift; sourceTree = "<group>"; };
		DB611DC2237F4B0400041BAF /* LoginApiWorkerProtocol.swift */ = {isa = PBXFileReference; lastKnownFileType = sourcecode.swift; path = LoginApiWorkerProtocol.swift; sourceTree = "<group>"; };
		DB611DC4237F4B7700041BAF /* LoginInteractorProtocol.swift */ = {isa = PBXFileReference; lastKnownFileType = sourcecode.swift; path = LoginInteractorProtocol.swift; sourceTree = "<group>"; };
		DB611DC6237F558400041BAF /* LoginViewProtocol.swift */ = {isa = PBXFileReference; lastKnownFileType = sourcecode.swift; path = LoginViewProtocol.swift; sourceTree = "<group>"; };
		DB82BD4C237F6971000B8D21 /* EventsPresenter.swift */ = {isa = PBXFileReference; lastKnownFileType = sourcecode.swift; path = EventsPresenter.swift; sourceTree = "<group>"; };
		DB82BD4E237F6984000B8D21 /* EventsPresenterProtocol.swift */ = {isa = PBXFileReference; lastKnownFileType = sourcecode.swift; path = EventsPresenterProtocol.swift; sourceTree = "<group>"; };
		DB82BD51237F6A55000B8D21 /* EventsInteractor.swift */ = {isa = PBXFileReference; lastKnownFileType = sourcecode.swift; path = EventsInteractor.swift; sourceTree = "<group>"; };
		DB82BD53237F6A62000B8D21 /* EventsInteractorProtocol.swift */ = {isa = PBXFileReference; lastKnownFileType = sourcecode.swift; path = EventsInteractorProtocol.swift; sourceTree = "<group>"; };
		DB82BD56237F6ABD000B8D21 /* EventsApiWorker.swift */ = {isa = PBXFileReference; lastKnownFileType = sourcecode.swift; path = EventsApiWorker.swift; sourceTree = "<group>"; };
		DB82BD58237F6ACB000B8D21 /* EventsApiWorkerProtocol.swift */ = {isa = PBXFileReference; lastKnownFileType = sourcecode.swift; path = EventsApiWorkerProtocol.swift; sourceTree = "<group>"; };
		DB82BD5C237F6CA0000B8D21 /* Event.swift */ = {isa = PBXFileReference; lastKnownFileType = sourcecode.swift; path = Event.swift; sourceTree = "<group>"; };
		DB82BD5E237F6D2C000B8D21 /* EventResponse.swift */ = {isa = PBXFileReference; lastKnownFileType = sourcecode.swift; path = EventResponse.swift; sourceTree = "<group>"; };
		DB82BD60237F6EDD000B8D21 /* EventsViewProtocol.swift */ = {isa = PBXFileReference; lastKnownFileType = sourcecode.swift; path = EventsViewProtocol.swift; sourceTree = "<group>"; };
		DB82BD63237F74C1000B8D21 /* EventsTableViewCell.swift */ = {isa = PBXFileReference; lastKnownFileType = sourcecode.swift; path = EventsTableViewCell.swift; sourceTree = "<group>"; };
		DB82BD64237F74C1000B8D21 /* EventsTableViewCell.xib */ = {isa = PBXFileReference; lastKnownFileType = file.xib; path = EventsTableViewCell.xib; sourceTree = "<group>"; };
		DB82BD68237F7740000B8D21 /* EventViewModel.swift */ = {isa = PBXFileReference; lastKnownFileType = sourcecode.swift; path = EventViewModel.swift; sourceTree = "<group>"; };
		DBFE08FF237F194800F1B2B0 /* UserService.swift */ = {isa = PBXFileReference; lastKnownFileType = sourcecode.swift; path = UserService.swift; sourceTree = "<group>"; };
		DBFE0901237F19CC00F1B2B0 /* User.swift */ = {isa = PBXFileReference; lastKnownFileType = sourcecode.swift; path = User.swift; sourceTree = "<group>"; };
		DBFE0903237F1C0900F1B2B0 /* Config.swift */ = {isa = PBXFileReference; lastKnownFileType = sourcecode.swift; path = Config.swift; sourceTree = "<group>"; };
		FFA723902BD30BEE73F552E9 /* Pods-BoomsetEventTests.release.xcconfig */ = {isa = PBXFileReference; includeInIndex = 1; lastKnownFileType = text.xcconfig; name = "Pods-BoomsetEventTests.release.xcconfig"; path = "Target Support Files/Pods-BoomsetEventTests/Pods-BoomsetEventTests.release.xcconfig"; sourceTree = "<group>"; };
/* End PBXFileReference section */

/* Begin PBXFrameworksBuildPhase section */
		DB260330237E03FF0076F63A /* Frameworks */ = {
			isa = PBXFrameworksBuildPhase;
			buildActionMask = 2147483647;
			files = (
				FEBE7DD47D869E4E5D918052 /* Pods_BoomsetEvent.framework in Frameworks */,
			);
			runOnlyForDeploymentPostprocessing = 0;
		};
		DB260346237E04000076F63A /* Frameworks */ = {
			isa = PBXFrameworksBuildPhase;
			buildActionMask = 2147483647;
			files = (
				2AF180797D50385519D0DB64 /* Pods_BoomsetEventTests.framework in Frameworks */,
			);
			runOnlyForDeploymentPostprocessing = 0;
		};
		DB260351237E04010076F63A /* Frameworks */ = {
			isa = PBXFrameworksBuildPhase;
			buildActionMask = 2147483647;
			files = (
				714463C66CA2887F2A3B02F7 /* Pods_BoomsetEvent_BoomsetEventUITests.framework in Frameworks */,
			);
			runOnlyForDeploymentPostprocessing = 0;
		};
/* End PBXFrameworksBuildPhase section */

/* Begin PBXGroup section */
		830E934E0882A219FDF89AD1 /* Pods */ = {
			isa = PBXGroup;
			children = (
				13B049C54B55D1A4E2ABDC37 /* Pods-BoomsetEvent.debug.xcconfig */,
				849A7FC3BF8E7EE4F292BD6F /* Pods-BoomsetEvent.release.xcconfig */,
				1846D503861251DF35444019 /* Pods-BoomsetEvent-BoomsetEventUITests.debug.xcconfig */,
				3B77B9F423A7147FA10A2030 /* Pods-BoomsetEvent-BoomsetEventUITests.release.xcconfig */,
				95E274EE31ADAD8E9CD9B73D /* Pods-BoomsetEventTests.debug.xcconfig */,
				FFA723902BD30BEE73F552E9 /* Pods-BoomsetEventTests.release.xcconfig */,
			);
			path = Pods;
			sourceTree = "<group>";
		};
		B621FB091A271A93496939CA /* Frameworks */ = {
			isa = PBXGroup;
			children = (
				7BA45A8DFFC33D3FFC8B780B /* Pods_BoomsetEvent.framework */,
				0BDB104DFAD908A5DC0D2BF4 /* Pods_BoomsetEvent_BoomsetEventUITests.framework */,
				82EF7450BD669639BB3BC1AD /* Pods_BoomsetEventTests.framework */,
			);
			name = Frameworks;
			sourceTree = "<group>";
		};
		DB15621A237EFD1700F2A7F1 /* Interactor */ = {
			isa = PBXGroup;
			children = (
				DB15621B237EFD4E00F2A7F1 /* LoginInteractor.swift */,
				DB611DC4237F4B7700041BAF /* LoginInteractorProtocol.swift */,
			);
			path = Interactor;
			sourceTree = "<group>";
		};
		DB15621D237EFDAD00F2A7F1 /* ApiService */ = {
			isa = PBXGroup;
			children = (
				DB48CA9E237F03CB0082C86E /* ApiService.swift */,
				DB48CAA4237F04490082C86E /* ApiErrorModel.swift */,
				DB48CAA0237F040E0082C86E /* EApiErrorType.swift */,
				DB48CAA2237F04300082C86E /* ECallbackResultType.swift */,
				DB48CAA6237F04690082C86E /* EHttpStatusCode.swift */,
			);
			path = ApiService;
			sourceTree = "<group>";
		};
		DB26032A237E03FF0076F63A = {
			isa = PBXGroup;
			children = (
				DB260335237E03FF0076F63A /* BoomsetEvent */,
				DB26034C237E04000076F63A /* BoomsetEventTests */,
				DB260357237E04010076F63A /* BoomsetEventUITests */,
				DB260334237E03FF0076F63A /* Products */,
				830E934E0882A219FDF89AD1 /* Pods */,
				B621FB091A271A93496939CA /* Frameworks */,
			);
			sourceTree = "<group>";
		};
		DB260334237E03FF0076F63A /* Products */ = {
			isa = PBXGroup;
			children = (
				DB260333237E03FF0076F63A /* BoomsetEvent.app */,
				DB260349237E04000076F63A /* BoomsetEventTests.xctest */,
				DB260354237E04010076F63A /* BoomsetEventUITests.xctest */,
			);
			name = Products;
			sourceTree = "<group>";
		};
		DB260335237E03FF0076F63A /* BoomsetEvent */ = {
			isa = PBXGroup;
			children = (
				DB26036E237E05C50076F63A /* AppDelegate */,
				DB26036F237E05E80076F63A /* Storyboard */,
				DB260372237E062A0076F63A /* Resources */,
				DB260373237E0B1C0076F63A /* Extensions */,
				DBFE08FD237F192A00F1B2B0 /* Services */,
				DB260367237E04650076F63A /* Modules */,
				DB260344237E04000076F63A /* Info.plist */,
				DBFE0903237F1C0900F1B2B0 /* Config.swift */,
			);
			path = BoomsetEvent;
			sourceTree = "<group>";
		};
		DB26034C237E04000076F63A /* BoomsetEventTests */ = {
			isa = PBXGroup;
			children = (
				DB26034D237E04000076F63A /* BoomsetEventTests.swift */,
				DB26034F237E04010076F63A /* Info.plist */,
			);
			path = BoomsetEventTests;
			sourceTree = "<group>";
		};
		DB260357237E04010076F63A /* BoomsetEventUITests */ = {
			isa = PBXGroup;
			children = (
				DB260358237E04010076F63A /* BoomsetEventUITests.swift */,
				DB26035A237E04010076F63A /* Info.plist */,
			);
			path = BoomsetEventUITests;
			sourceTree = "<group>";
		};
		DB260367237E04650076F63A /* Modules */ = {
			isa = PBXGroup;
			children = (
				DB4D4C8C237FF0DE004AAFAE /* Guests */,
				DB611DAF237F2F2600041BAF /* Events */,
				DB260368237E046F0076F63A /* Login */,
			);
			path = Modules;
			sourceTree = "<group>";
		};
		DB260368237E046F0076F63A /* Login */ = {
			isa = PBXGroup;
			children = (
				DB82BD5B237F6C88000B8D21 /* Entity */,
				DB611DBD237F412A00041BAF /* Worker */,
				DB15621A237EFD1700F2A7F1 /* Interactor */,
				DB611DB5237F315600041BAF /* Presenter */,
				DB260369237E047B0076F63A /* View */,
			);
			path = Login;
			sourceTree = "<group>";
		};
		DB260369237E047B0076F63A /* View */ = {
			isa = PBXGroup;
			children = (
				DB26036B237E04900076F63A /* LoginViewController.xib */,
				DB26036A237E04900076F63A /* LoginViewController.swift */,
				DB611DC6237F558400041BAF /* LoginViewProtocol.swift */,
			);
			path = View;
			sourceTree = "<group>";
		};
		DB26036E237E05C50076F63A /* AppDelegate */ = {
			isa = PBXGroup;
			children = (
				DB260336237E03FF0076F63A /* AppDelegate.swift */,
				DB260338237E03FF0076F63A /* SceneDelegate.swift */,
			);
			path = AppDelegate;
			sourceTree = "<group>";
		};
		DB26036F237E05E80076F63A /* Storyboard */ = {
			isa = PBXGroup;
			children = (
				DB26033C237E03FF0076F63A /* Main.storyboard */,
				DB260341237E04000076F63A /* LaunchScreen.storyboard */,
			);
			path = Storyboard;
			sourceTree = "<group>";
		};
		DB260372237E062A0076F63A /* Resources */ = {
			isa = PBXGroup;
			children = (
				DB26033F237E04000076F63A /* Assets.xcassets */,
			);
			path = Resources;
			sourceTree = "<group>";
		};
		DB260373237E0B1C0076F63A /* Extensions */ = {
			isa = PBXGroup;
			children = (
				DB260374237E0B300076F63A /* UIView+Extensions.swift */,
				DB611DAD237F2A2600041BAF /* UIViewController+Extensions.swift */,
				DB4D4C94237FF641004AAFAE /* Collection+SafeCheck.swift */,
			);
			path = Extensions;
			sourceTree = "<group>";
		};
		DB4D4C8C237FF0DE004AAFAE /* Guests */ = {
			isa = PBXGroup;
			children = (
				DB4D4C8D237FF0F0004AAFAE /* View */,
			);
			path = Guests;
			sourceTree = "<group>";
		};
		DB4D4C8D237FF0F0004AAFAE /* View */ = {
			isa = PBXGroup;
			children = (
				DB4D4C91237FF11A004AAFAE /* GuestsViewController.xib */,
				DB4D4C90237FF11A004AAFAE /* GuestsViewController.swift */,
			);
			path = View;
			sourceTree = "<group>";
		};
		DB611DAF237F2F2600041BAF /* Events */ = {
			isa = PBXGroup;
			children = (
				DB82BD67237F7715000B8D21 /* ViewModel */,
				DB82BD5A237F6C73000B8D21 /* Entity */,
				DB82BD55237F6AA6000B8D21 /* Worker */,
				DB82BD50237F6A43000B8D21 /* Interactor */,
				DB82BD4B237F695C000B8D21 /* Presenter */,
				DB611DB0237F2F6500041BAF /* View */,
			);
			path = Events;
			sourceTree = "<group>";
		};
		DB611DB0237F2F6500041BAF /* View */ = {
			isa = PBXGroup;
			children = (
				DB82BD62237F74A7000B8D21 /* Cell */,
				DB611DB2237F2F8400041BAF /* EventsViewController.xib */,
				DB611DB1237F2F8400041BAF /* EventsViewController.swift */,
				DB82BD60237F6EDD000B8D21 /* EventsViewProtocol.swift */,
			);
			path = View;
			sourceTree = "<group>";
		};
		DB611DB5237F315600041BAF /* Presenter */ = {
			isa = PBXGroup;
			children = (
				DB611DB6237F319E00041BAF /* LoginPresenter.swift */,
				DB611DBB237F3DAF00041BAF /* LoginPresenterProtocol.swift */,
			);
			path = Presenter;
			sourceTree = "<group>";
		};
		DB611DBD237F412A00041BAF /* Worker */ = {
			isa = PBXGroup;
			children = (
				DB611DBE237F415600041BAF /* LoginApiWorker.swift */,
				DB611DC2237F4B0400041BAF /* LoginApiWorkerProtocol.swift */,
			);
			path = Worker;
			sourceTree = "<group>";
		};
		DB82BD4B237F695C000B8D21 /* Presenter */ = {
			isa = PBXGroup;
			children = (
				DB82BD4C237F6971000B8D21 /* EventsPresenter.swift */,
				DB82BD4E237F6984000B8D21 /* EventsPresenterProtocol.swift */,
			);
			path = Presenter;
			sourceTree = "<group>";
		};
		DB82BD50237F6A43000B8D21 /* Interactor */ = {
			isa = PBXGroup;
			children = (
				DB82BD51237F6A55000B8D21 /* EventsInteractor.swift */,
				DB82BD53237F6A62000B8D21 /* EventsInteractorProtocol.swift */,
			);
			path = Interactor;
			sourceTree = "<group>";
		};
		DB82BD55237F6AA6000B8D21 /* Worker */ = {
			isa = PBXGroup;
			children = (
				DB82BD56237F6ABD000B8D21 /* EventsApiWorker.swift */,
				DB82BD58237F6ACB000B8D21 /* EventsApiWorkerProtocol.swift */,
			);
			path = Worker;
			sourceTree = "<group>";
		};
		DB82BD5A237F6C73000B8D21 /* Entity */ = {
			isa = PBXGroup;
			children = (
				DB82BD5C237F6CA0000B8D21 /* Event.swift */,
				DB82BD5E237F6D2C000B8D21 /* EventResponse.swift */,
			);
			path = Entity;
			sourceTree = "<group>";
		};
		DB82BD5B237F6C88000B8D21 /* Entity */ = {
			isa = PBXGroup;
			children = (
				DBFE0901237F19CC00F1B2B0 /* User.swift */,
			);
			path = Entity;
			sourceTree = "<group>";
		};
		DB82BD62237F74A7000B8D21 /* Cell */ = {
			isa = PBXGroup;
			children = (
				DB82BD64237F74C1000B8D21 /* EventsTableViewCell.xib */,
				DB82BD63237F74C1000B8D21 /* EventsTableViewCell.swift */,
			);
			path = Cell;
			sourceTree = "<group>";
		};
		DB82BD67237F7715000B8D21 /* ViewModel */ = {
			isa = PBXGroup;
			children = (
				DB82BD68237F7740000B8D21 /* EventViewModel.swift */,
			);
			path = ViewModel;
			sourceTree = "<group>";
		};
		DBFE08FD237F192A00F1B2B0 /* Services */ = {
			isa = PBXGroup;
			children = (
				DBFE08FE237F193E00F1B2B0 /* UserService */,
				DB15621D237EFDAD00F2A7F1 /* ApiService */,
			);
			path = Services;
			sourceTree = "<group>";
		};
		DBFE08FE237F193E00F1B2B0 /* UserService */ = {
			isa = PBXGroup;
			children = (
				DBFE08FF237F194800F1B2B0 /* UserService.swift */,
			);
			path = UserService;
			sourceTree = "<group>";
		};
/* End PBXGroup section */

/* Begin PBXNativeTarget section */
		DB260332237E03FF0076F63A /* BoomsetEvent */ = {
			isa = PBXNativeTarget;
			buildConfigurationList = DB26035D237E04010076F63A /* Build configuration list for PBXNativeTarget "BoomsetEvent" */;
			buildPhases = (
				6FECC3863FDF222321B52E8D /* [CP] Check Pods Manifest.lock */,
				DB26032F237E03FF0076F63A /* Sources */,
				DB260330237E03FF0076F63A /* Frameworks */,
				DB260331237E03FF0076F63A /* Resources */,
				88D696DEC8B475DEF35478E8 /* [CP] Embed Pods Frameworks */,
			);
			buildRules = (
			);
			dependencies = (
			);
			name = BoomsetEvent;
			productName = BoomsetEvent;
			productReference = DB260333237E03FF0076F63A /* BoomsetEvent.app */;
			productType = "com.apple.product-type.application";
		};
		DB260348237E04000076F63A /* BoomsetEventTests */ = {
			isa = PBXNativeTarget;
			buildConfigurationList = DB260360237E04010076F63A /* Build configuration list for PBXNativeTarget "BoomsetEventTests" */;
			buildPhases = (
				C63F17661A998B86BBDE52B7 /* [CP] Check Pods Manifest.lock */,
				DB260345237E04000076F63A /* Sources */,
				DB260346237E04000076F63A /* Frameworks */,
				DB260347237E04000076F63A /* Resources */,
			);
			buildRules = (
			);
			dependencies = (
				DB26034B237E04000076F63A /* PBXTargetDependency */,
			);
			name = BoomsetEventTests;
			productName = BoomsetEventTests;
			productReference = DB260349237E04000076F63A /* BoomsetEventTests.xctest */;
			productType = "com.apple.product-type.bundle.unit-test";
		};
		DB260353237E04010076F63A /* BoomsetEventUITests */ = {
			isa = PBXNativeTarget;
			buildConfigurationList = DB260363237E04010076F63A /* Build configuration list for PBXNativeTarget "BoomsetEventUITests" */;
			buildPhases = (
				E293776EA57AEC3BC5239B12 /* [CP] Check Pods Manifest.lock */,
				DB260350237E04010076F63A /* Sources */,
				DB260351237E04010076F63A /* Frameworks */,
				DB260352237E04010076F63A /* Resources */,
				3520AC3A99483AD8F3A6E610 /* [CP] Embed Pods Frameworks */,
			);
			buildRules = (
			);
			dependencies = (
				DB260356237E04010076F63A /* PBXTargetDependency */,
			);
			name = BoomsetEventUITests;
			productName = BoomsetEventUITests;
			productReference = DB260354237E04010076F63A /* BoomsetEventUITests.xctest */;
			productType = "com.apple.product-type.bundle.ui-testing";
		};
/* End PBXNativeTarget section */

/* Begin PBXProject section */
		DB26032B237E03FF0076F63A /* Project object */ = {
			isa = PBXProject;
			attributes = {
				LastSwiftUpdateCheck = 1110;
				LastUpgradeCheck = 1110;
				ORGANIZATIONNAME = "dev krm";
				TargetAttributes = {
					DB260332237E03FF0076F63A = {
						CreatedOnToolsVersion = 11.1;
					};
					DB260348237E04000076F63A = {
						CreatedOnToolsVersion = 11.1;
						TestTargetID = DB260332237E03FF0076F63A;
					};
					DB260353237E04010076F63A = {
						CreatedOnToolsVersion = 11.1;
						TestTargetID = DB260332237E03FF0076F63A;
					};
				};
			};
			buildConfigurationList = DB26032E237E03FF0076F63A /* Build configuration list for PBXProject "BoomsetEvent" */;
			compatibilityVersion = "Xcode 9.3";
			developmentRegion = en;
			hasScannedForEncodings = 0;
			knownRegions = (
				en,
				Base,
			);
			mainGroup = DB26032A237E03FF0076F63A;
			productRefGroup = DB260334237E03FF0076F63A /* Products */;
			projectDirPath = "";
			projectRoot = "";
			targets = (
				DB260332237E03FF0076F63A /* BoomsetEvent */,
				DB260348237E04000076F63A /* BoomsetEventTests */,
				DB260353237E04010076F63A /* BoomsetEventUITests */,
			);
		};
/* End PBXProject section */

/* Begin PBXResourcesBuildPhase section */
		DB260331237E03FF0076F63A /* Resources */ = {
			isa = PBXResourcesBuildPhase;
			buildActionMask = 2147483647;
			files = (
				DB26036D237E04900076F63A /* LoginViewController.xib in Resources */,
				DB611DB4237F2F8400041BAF /* EventsViewController.xib in Resources */,
				DB82BD66237F74C1000B8D21 /* EventsTableViewCell.xib in Resources */,
				DB4D4C93237FF11A004AAFAE /* GuestsViewController.xib in Resources */,
				DB260343237E04000076F63A /* LaunchScreen.storyboard in Resources */,
				DB260340237E04000076F63A /* Assets.xcassets in Resources */,
				DB26033E237E03FF0076F63A /* Main.storyboard in Resources */,
			);
			runOnlyForDeploymentPostprocessing = 0;
		};
		DB260347237E04000076F63A /* Resources */ = {
			isa = PBXResourcesBuildPhase;
			buildActionMask = 2147483647;
			files = (
			);
			runOnlyForDeploymentPostprocessing = 0;
		};
		DB260352237E04010076F63A /* Resources */ = {
			isa = PBXResourcesBuildPhase;
			buildActionMask = 2147483647;
			files = (
			);
			runOnlyForDeploymentPostprocessing = 0;
		};
/* End PBXResourcesBuildPhase section */

/* Begin PBXShellScriptBuildPhase section */
		3520AC3A99483AD8F3A6E610 /* [CP] Embed Pods Frameworks */ = {
			isa = PBXShellScriptBuildPhase;
			buildActionMask = 2147483647;
			files = (
			);
			inputFileListPaths = (
				"${PODS_ROOT}/Target Support Files/Pods-BoomsetEvent-BoomsetEventUITests/Pods-BoomsetEvent-BoomsetEventUITests-frameworks-${CONFIGURATION}-input-files.xcfilelist",
			);
			name = "[CP] Embed Pods Frameworks";
			outputFileListPaths = (
				"${PODS_ROOT}/Target Support Files/Pods-BoomsetEvent-BoomsetEventUITests/Pods-BoomsetEvent-BoomsetEventUITests-frameworks-${CONFIGURATION}-output-files.xcfilelist",
			);
			runOnlyForDeploymentPostprocessing = 0;
			shellPath = /bin/sh;
			shellScript = "\"${PODS_ROOT}/Target Support Files/Pods-BoomsetEvent-BoomsetEventUITests/Pods-BoomsetEvent-BoomsetEventUITests-frameworks.sh\"\n";
			showEnvVarsInLog = 0;
		};
		6FECC3863FDF222321B52E8D /* [CP] Check Pods Manifest.lock */ = {
			isa = PBXShellScriptBuildPhase;
			buildActionMask = 2147483647;
			files = (
			);
			inputFileListPaths = (
			);
			inputPaths = (
				"${PODS_PODFILE_DIR_PATH}/Podfile.lock",
				"${PODS_ROOT}/Manifest.lock",
			);
			name = "[CP] Check Pods Manifest.lock";
			outputFileListPaths = (
			);
			outputPaths = (
				"$(DERIVED_FILE_DIR)/Pods-BoomsetEvent-checkManifestLockResult.txt",
			);
			runOnlyForDeploymentPostprocessing = 0;
			shellPath = /bin/sh;
			shellScript = "diff \"${PODS_PODFILE_DIR_PATH}/Podfile.lock\" \"${PODS_ROOT}/Manifest.lock\" > /dev/null\nif [ $? != 0 ] ; then\n    # print error to STDERR\n    echo \"error: The sandbox is not in sync with the Podfile.lock. Run 'pod install' or update your CocoaPods installation.\" >&2\n    exit 1\nfi\n# This output is used by Xcode 'outputs' to avoid re-running this script phase.\necho \"SUCCESS\" > \"${SCRIPT_OUTPUT_FILE_0}\"\n";
			showEnvVarsInLog = 0;
		};
		88D696DEC8B475DEF35478E8 /* [CP] Embed Pods Frameworks */ = {
			isa = PBXShellScriptBuildPhase;
			buildActionMask = 2147483647;
			files = (
			);
			inputFileListPaths = (
				"${PODS_ROOT}/Target Support Files/Pods-BoomsetEvent/Pods-BoomsetEvent-frameworks-${CONFIGURATION}-input-files.xcfilelist",
			);
			name = "[CP] Embed Pods Frameworks";
			outputFileListPaths = (
				"${PODS_ROOT}/Target Support Files/Pods-BoomsetEvent/Pods-BoomsetEvent-frameworks-${CONFIGURATION}-output-files.xcfilelist",
			);
			runOnlyForDeploymentPostprocessing = 0;
			shellPath = /bin/sh;
			shellScript = "\"${PODS_ROOT}/Target Support Files/Pods-BoomsetEvent/Pods-BoomsetEvent-frameworks.sh\"\n";
			showEnvVarsInLog = 0;
		};
		C63F17661A998B86BBDE52B7 /* [CP] Check Pods Manifest.lock */ = {
			isa = PBXShellScriptBuildPhase;
			buildActionMask = 2147483647;
			files = (
			);
			inputFileListPaths = (
			);
			inputPaths = (
				"${PODS_PODFILE_DIR_PATH}/Podfile.lock",
				"${PODS_ROOT}/Manifest.lock",
			);
			name = "[CP] Check Pods Manifest.lock";
			outputFileListPaths = (
			);
			outputPaths = (
				"$(DERIVED_FILE_DIR)/Pods-BoomsetEventTests-checkManifestLockResult.txt",
			);
			runOnlyForDeploymentPostprocessing = 0;
			shellPath = /bin/sh;
			shellScript = "diff \"${PODS_PODFILE_DIR_PATH}/Podfile.lock\" \"${PODS_ROOT}/Manifest.lock\" > /dev/null\nif [ $? != 0 ] ; then\n    # print error to STDERR\n    echo \"error: The sandbox is not in sync with the Podfile.lock. Run 'pod install' or update your CocoaPods installation.\" >&2\n    exit 1\nfi\n# This output is used by Xcode 'outputs' to avoid re-running this script phase.\necho \"SUCCESS\" > \"${SCRIPT_OUTPUT_FILE_0}\"\n";
			showEnvVarsInLog = 0;
		};
		E293776EA57AEC3BC5239B12 /* [CP] Check Pods Manifest.lock */ = {
			isa = PBXShellScriptBuildPhase;
			buildActionMask = 2147483647;
			files = (
			);
			inputFileListPaths = (
			);
			inputPaths = (
				"${PODS_PODFILE_DIR_PATH}/Podfile.lock",
				"${PODS_ROOT}/Manifest.lock",
			);
			name = "[CP] Check Pods Manifest.lock";
			outputFileListPaths = (
			);
			outputPaths = (
				"$(DERIVED_FILE_DIR)/Pods-BoomsetEvent-BoomsetEventUITests-checkManifestLockResult.txt",
			);
			runOnlyForDeploymentPostprocessing = 0;
			shellPath = /bin/sh;
			shellScript = "diff \"${PODS_PODFILE_DIR_PATH}/Podfile.lock\" \"${PODS_ROOT}/Manifest.lock\" > /dev/null\nif [ $? != 0 ] ; then\n    # print error to STDERR\n    echo \"error: The sandbox is not in sync with the Podfile.lock. Run 'pod install' or update your CocoaPods installation.\" >&2\n    exit 1\nfi\n# This output is used by Xcode 'outputs' to avoid re-running this script phase.\necho \"SUCCESS\" > \"${SCRIPT_OUTPUT_FILE_0}\"\n";
			showEnvVarsInLog = 0;
		};
/* End PBXShellScriptBuildPhase section */

/* Begin PBXSourcesBuildPhase section */
		DB26032F237E03FF0076F63A /* Sources */ = {
			isa = PBXSourcesBuildPhase;
			buildActionMask = 2147483647;
			files = (
				DB26036C237E04900076F63A /* LoginViewController.swift in Sources */,
				DB48CAA1237F040E0082C86E /* EApiErrorType.swift in Sources */,
				DB82BD65237F74C1000B8D21 /* EventsTableViewCell.swift in Sources */,
				DB15621C237EFD4E00F2A7F1 /* LoginInteractor.swift in Sources */,
				DB82BD4D237F6971000B8D21 /* EventsPresenter.swift in Sources */,
				DB4D4C92237FF11A004AAFAE /* GuestsViewController.swift in Sources */,
				DB611DC3237F4B0400041BAF /* LoginApiWorkerProtocol.swift in Sources */,
				DB48CA9F237F03CB0082C86E /* ApiService.swift in Sources */,
				DB48CAA5237F04490082C86E /* ApiErrorModel.swift in Sources */,
				DB82BD4F237F6984000B8D21 /* EventsPresenterProtocol.swift in Sources */,
				DB260337237E03FF0076F63A /* AppDelegate.swift in Sources */,
				DB611DC7237F558400041BAF /* LoginViewProtocol.swift in Sources */,
				DB611DBF237F415600041BAF /* LoginApiWorker.swift in Sources */,
				DB4D4C95237FF641004AAFAE /* Collection+SafeCheck.swift in Sources */,
				DB82BD54237F6A62000B8D21 /* EventsInteractorProtocol.swift in Sources */,
				DB82BD5D237F6CA0000B8D21 /* Event.swift in Sources */,
				DB82BD61237F6EDD000B8D21 /* EventsViewProtocol.swift in Sources */,
				DB611DBC237F3DAF00041BAF /* LoginPresenterProtocol.swift in Sources */,
				DB82BD5F237F6D2C000B8D21 /* EventResponse.swift in Sources */,
				DBFE0904237F1C0900F1B2B0 /* Config.swift in Sources */,
				DBFE0900237F194800F1B2B0 /* UserService.swift in Sources */,
				DB260375237E0B300076F63A /* UIView+Extensions.swift in Sources */,
				DBFE0902237F19CC00F1B2B0 /* User.swift in Sources */,
				DB611DAE237F2A2600041BAF /* UIViewController+Extensions.swift in Sources */,
				DB82BD52237F6A55000B8D21 /* EventsInteractor.swift in Sources */,
				DB260339237E03FF0076F63A /* SceneDelegate.swift in Sources */,
				DB48CAA7237F04690082C86E /* EHttpStatusCode.swift in Sources */,
				DB82BD57237F6ABD000B8D21 /* EventsApiWorker.swift in Sources */,
				DB48CAA3237F04300082C86E /* ECallbackResultType.swift in Sources */,
				DB611DB3237F2F8400041BAF /* EventsViewController.swift in Sources */,
				DB82BD59237F6ACB000B8D21 /* EventsApiWorkerProtocol.swift in Sources */,
				DB82BD69237F7740000B8D21 /* EventViewModel.swift in Sources */,
				DB611DB7237F319E00041BAF /* LoginPresenter.swift in Sources */,
				DB611DC5237F4B7700041BAF /* LoginInteractorProtocol.swift in Sources */,
			);
			runOnlyForDeploymentPostprocessing = 0;
		};
		DB260345237E04000076F63A /* Sources */ = {
			isa = PBXSourcesBuildPhase;
			buildActionMask = 2147483647;
			files = (
				DB26034E237E04000076F63A /* BoomsetEventTests.swift in Sources */,
			);
			runOnlyForDeploymentPostprocessing = 0;
		};
		DB260350237E04010076F63A /* Sources */ = {
			isa = PBXSourcesBuildPhase;
			buildActionMask = 2147483647;
			files = (
				DB260359237E04010076F63A /* BoomsetEventUITests.swift in Sources */,
			);
			runOnlyForDeploymentPostprocessing = 0;
		};
/* End PBXSourcesBuildPhase section */

/* Begin PBXTargetDependency section */
		DB26034B237E04000076F63A /* PBXTargetDependency */ = {
			isa = PBXTargetDependency;
			target = DB260332237E03FF0076F63A /* BoomsetEvent */;
			targetProxy = DB26034A237E04000076F63A /* PBXContainerItemProxy */;
		};
		DB260356237E04010076F63A /* PBXTargetDependency */ = {
			isa = PBXTargetDependency;
			target = DB260332237E03FF0076F63A /* BoomsetEvent */;
			targetProxy = DB260355237E04010076F63A /* PBXContainerItemProxy */;
		};
/* End PBXTargetDependency section */

/* Begin PBXVariantGroup section */
		DB26033C237E03FF0076F63A /* Main.storyboard */ = {
			isa = PBXVariantGroup;
			children = (
				DB26033D237E03FF0076F63A /* Base */,
			);
			name = Main.storyboard;
			sourceTree = "<group>";
		};
		DB260341237E04000076F63A /* LaunchScreen.storyboard */ = {
			isa = PBXVariantGroup;
			children = (
				DB260342237E04000076F63A /* Base */,
			);
			name = LaunchScreen.storyboard;
			sourceTree = "<group>";
		};
/* End PBXVariantGroup section */

/* Begin XCBuildConfiguration section */
		DB26035B237E04010076F63A /* Debug */ = {
			isa = XCBuildConfiguration;
			buildSettings = {
				ALWAYS_SEARCH_USER_PATHS = NO;
				CLANG_ANALYZER_NONNULL = YES;
				CLANG_ANALYZER_NUMBER_OBJECT_CONVERSION = YES_AGGRESSIVE;
				CLANG_CXX_LANGUAGE_STANDARD = "gnu++14";
				CLANG_CXX_LIBRARY = "libc++";
				CLANG_ENABLE_MODULES = YES;
				CLANG_ENABLE_OBJC_ARC = YES;
				CLANG_ENABLE_OBJC_WEAK = YES;
				CLANG_WARN_BLOCK_CAPTURE_AUTORELEASING = YES;
				CLANG_WARN_BOOL_CONVERSION = YES;
				CLANG_WARN_COMMA = YES;
				CLANG_WARN_CONSTANT_CONVERSION = YES;
				CLANG_WARN_DEPRECATED_OBJC_IMPLEMENTATIONS = YES;
				CLANG_WARN_DIRECT_OBJC_ISA_USAGE = YES_ERROR;
				CLANG_WARN_DOCUMENTATION_COMMENTS = YES;
				CLANG_WARN_EMPTY_BODY = YES;
				CLANG_WARN_ENUM_CONVERSION = YES;
				CLANG_WARN_INFINITE_RECURSION = YES;
				CLANG_WARN_INT_CONVERSION = YES;
				CLANG_WARN_NON_LITERAL_NULL_CONVERSION = YES;
				CLANG_WARN_OBJC_IMPLICIT_RETAIN_SELF = YES;
				CLANG_WARN_OBJC_LITERAL_CONVERSION = YES;
				CLANG_WARN_OBJC_ROOT_CLASS = YES_ERROR;
				CLANG_WARN_RANGE_LOOP_ANALYSIS = YES;
				CLANG_WARN_STRICT_PROTOTYPES = YES;
				CLANG_WARN_SUSPICIOUS_MOVE = YES;
				CLANG_WARN_UNGUARDED_AVAILABILITY = YES_AGGRESSIVE;
				CLANG_WARN_UNREACHABLE_CODE = YES;
				CLANG_WARN__DUPLICATE_METHOD_MATCH = YES;
				COPY_PHASE_STRIP = NO;
				DEBUG_INFORMATION_FORMAT = dwarf;
				ENABLE_STRICT_OBJC_MSGSEND = YES;
				ENABLE_TESTABILITY = YES;
				GCC_C_LANGUAGE_STANDARD = gnu11;
				GCC_DYNAMIC_NO_PIC = NO;
				GCC_NO_COMMON_BLOCKS = YES;
				GCC_OPTIMIZATION_LEVEL = 0;
				GCC_PREPROCESSOR_DEFINITIONS = (
					"DEBUG=1",
					"$(inherited)",
				);
				GCC_WARN_64_TO_32_BIT_CONVERSION = YES;
				GCC_WARN_ABOUT_RETURN_TYPE = YES_ERROR;
				GCC_WARN_UNDECLARED_SELECTOR = YES;
				GCC_WARN_UNINITIALIZED_AUTOS = YES_AGGRESSIVE;
				GCC_WARN_UNUSED_FUNCTION = YES;
				GCC_WARN_UNUSED_VARIABLE = YES;
				IPHONEOS_DEPLOYMENT_TARGET = 13.1;
				MTL_ENABLE_DEBUG_INFO = INCLUDE_SOURCE;
				MTL_FAST_MATH = YES;
				ONLY_ACTIVE_ARCH = YES;
				SDKROOT = iphoneos;
				SWIFT_ACTIVE_COMPILATION_CONDITIONS = DEBUG;
				SWIFT_OPTIMIZATION_LEVEL = "-Onone";
			};
			name = Debug;
		};
		DB26035C237E04010076F63A /* Release */ = {
			isa = XCBuildConfiguration;
			buildSettings = {
				ALWAYS_SEARCH_USER_PATHS = NO;
				CLANG_ANALYZER_NONNULL = YES;
				CLANG_ANALYZER_NUMBER_OBJECT_CONVERSION = YES_AGGRESSIVE;
				CLANG_CXX_LANGUAGE_STANDARD = "gnu++14";
				CLANG_CXX_LIBRARY = "libc++";
				CLANG_ENABLE_MODULES = YES;
				CLANG_ENABLE_OBJC_ARC = YES;
				CLANG_ENABLE_OBJC_WEAK = YES;
				CLANG_WARN_BLOCK_CAPTURE_AUTORELEASING = YES;
				CLANG_WARN_BOOL_CONVERSION = YES;
				CLANG_WARN_COMMA = YES;
				CLANG_WARN_CONSTANT_CONVERSION = YES;
				CLANG_WARN_DEPRECATED_OBJC_IMPLEMENTATIONS = YES;
				CLANG_WARN_DIRECT_OBJC_ISA_USAGE = YES_ERROR;
				CLANG_WARN_DOCUMENTATION_COMMENTS = YES;
				CLANG_WARN_EMPTY_BODY = YES;
				CLANG_WARN_ENUM_CONVERSION = YES;
				CLANG_WARN_INFINITE_RECURSION = YES;
				CLANG_WARN_INT_CONVERSION = YES;
				CLANG_WARN_NON_LITERAL_NULL_CONVERSION = YES;
				CLANG_WARN_OBJC_IMPLICIT_RETAIN_SELF = YES;
				CLANG_WARN_OBJC_LITERAL_CONVERSION = YES;
				CLANG_WARN_OBJC_ROOT_CLASS = YES_ERROR;
				CLANG_WARN_RANGE_LOOP_ANALYSIS = YES;
				CLANG_WARN_STRICT_PROTOTYPES = YES;
				CLANG_WARN_SUSPICIOUS_MOVE = YES;
				CLANG_WARN_UNGUARDED_AVAILABILITY = YES_AGGRESSIVE;
				CLANG_WARN_UNREACHABLE_CODE = YES;
				CLANG_WARN__DUPLICATE_METHOD_MATCH = YES;
				COPY_PHASE_STRIP = NO;
				DEBUG_INFORMATION_FORMAT = "dwarf-with-dsym";
				ENABLE_NS_ASSERTIONS = NO;
				ENABLE_STRICT_OBJC_MSGSEND = YES;
				GCC_C_LANGUAGE_STANDARD = gnu11;
				GCC_NO_COMMON_BLOCKS = YES;
				GCC_WARN_64_TO_32_BIT_CONVERSION = YES;
				GCC_WARN_ABOUT_RETURN_TYPE = YES_ERROR;
				GCC_WARN_UNDECLARED_SELECTOR = YES;
				GCC_WARN_UNINITIALIZED_AUTOS = YES_AGGRESSIVE;
				GCC_WARN_UNUSED_FUNCTION = YES;
				GCC_WARN_UNUSED_VARIABLE = YES;
				IPHONEOS_DEPLOYMENT_TARGET = 13.1;
				MTL_ENABLE_DEBUG_INFO = NO;
				MTL_FAST_MATH = YES;
				SDKROOT = iphoneos;
				SWIFT_COMPILATION_MODE = wholemodule;
				SWIFT_OPTIMIZATION_LEVEL = "-O";
				VALIDATE_PRODUCT = YES;
			};
			name = Release;
		};
		DB26035E237E04010076F63A /* Debug */ = {
			isa = XCBuildConfiguration;
			baseConfigurationReference = 13B049C54B55D1A4E2ABDC37 /* Pods-BoomsetEvent.debug.xcconfig */;
			buildSettings = {
				ASSETCATALOG_COMPILER_APPICON_NAME = AppIcon;
				CODE_SIGN_STYLE = Automatic;
				DEVELOPMENT_TEAM = 8Q8Q745UYS;
				INFOPLIST_FILE = BoomsetEvent/Info.plist;
				IPHONEOS_DEPLOYMENT_TARGET = 13.0;
				LD_RUNPATH_SEARCH_PATHS = (
					"$(inherited)",
					"@executable_path/Frameworks",
				);
				PRODUCT_BUNDLE_IDENTIFIER = com.devkrm.BoomsetEvent;
				PRODUCT_NAME = "$(TARGET_NAME)";
				SWIFT_VERSION = 5.0;
				TARGETED_DEVICE_FAMILY = "1,2";
			};
			name = Debug;
		};
		DB26035F237E04010076F63A /* Release */ = {
			isa = XCBuildConfiguration;
			baseConfigurationReference = 849A7FC3BF8E7EE4F292BD6F /* Pods-BoomsetEvent.release.xcconfig */;
			buildSettings = {
				ASSETCATALOG_COMPILER_APPICON_NAME = AppIcon;
				CODE_SIGN_STYLE = Automatic;
				DEVELOPMENT_TEAM = 8Q8Q745UYS;
				INFOPLIST_FILE = BoomsetEvent/Info.plist;
				IPHONEOS_DEPLOYMENT_TARGET = 13.0;
				LD_RUNPATH_SEARCH_PATHS = (
					"$(inherited)",
					"@executable_path/Frameworks",
				);
				PRODUCT_BUNDLE_IDENTIFIER = com.devkrm.BoomsetEvent;
				PRODUCT_NAME = "$(TARGET_NAME)";
				SWIFT_VERSION = 5.0;
				TARGETED_DEVICE_FAMILY = "1,2";
			};
			name = Release;
		};
		DB260361237E04010076F63A /* Debug */ = {
			isa = XCBuildConfiguration;
			baseConfigurationReference = 95E274EE31ADAD8E9CD9B73D /* Pods-BoomsetEventTests.debug.xcconfig */;
			buildSettings = {
				ALWAYS_EMBED_SWIFT_STANDARD_LIBRARIES = YES;
				BUNDLE_LOADER = "$(TEST_HOST)";
				CODE_SIGN_STYLE = Automatic;
				DEVELOPMENT_TEAM = 8Q8Q745UYS;
				INFOPLIST_FILE = BoomsetEventTests/Info.plist;
				IPHONEOS_DEPLOYMENT_TARGET = 13.1;
				LD_RUNPATH_SEARCH_PATHS = (
					"$(inherited)",
					"@executable_path/Frameworks",
					"@loader_path/Frameworks",
				);
				PRODUCT_BUNDLE_IDENTIFIER = com.devkrm.BoomsetEventTests;
				PRODUCT_NAME = "$(TARGET_NAME)";
				SWIFT_VERSION = 5.0;
				TARGETED_DEVICE_FAMILY = "1,2";
				TEST_HOST = "$(BUILT_PRODUCTS_DIR)/BoomsetEvent.app/BoomsetEvent";
			};
			name = Debug;
		};
		DB260362237E04010076F63A /* Release */ = {
			isa = XCBuildConfiguration;
			baseConfigurationReference = FFA723902BD30BEE73F552E9 /* Pods-BoomsetEventTests.release.xcconfig */;
			buildSettings = {
				ALWAYS_EMBED_SWIFT_STANDARD_LIBRARIES = YES;
				BUNDLE_LOADER = "$(TEST_HOST)";
				CODE_SIGN_STYLE = Automatic;
				DEVELOPMENT_TEAM = 8Q8Q745UYS;
				INFOPLIST_FILE = BoomsetEventTests/Info.plist;
				IPHONEOS_DEPLOYMENT_TARGET = 13.1;
				LD_RUNPATH_SEARCH_PATHS = (
					"$(inherited)",
					"@executable_path/Frameworks",
					"@loader_path/Frameworks",
				);
				PRODUCT_BUNDLE_IDENTIFIER = com.devkrm.BoomsetEventTests;
				PRODUCT_NAME = "$(TARGET_NAME)";
				SWIFT_VERSION = 5.0;
				TARGETED_DEVICE_FAMILY = "1,2";
				TEST_HOST = "$(BUILT_PRODUCTS_DIR)/BoomsetEvent.app/BoomsetEvent";
			};
			name = Release;
		};
		DB260364237E04010076F63A /* Debug */ = {
			isa = XCBuildConfiguration;
			baseConfigurationReference = 1846D503861251DF35444019 /* Pods-BoomsetEvent-BoomsetEventUITests.debug.xcconfig */;
			buildSettings = {
				ALWAYS_EMBED_SWIFT_STANDARD_LIBRARIES = YES;
				CODE_SIGN_STYLE = Automatic;
				DEVELOPMENT_TEAM = 8Q8Q745UYS;
				INFOPLIST_FILE = BoomsetEventUITests/Info.plist;
				LD_RUNPATH_SEARCH_PATHS = (
					"$(inherited)",
					"@executable_path/Frameworks",
					"@loader_path/Frameworks",
				);
				PRODUCT_BUNDLE_IDENTIFIER = com.devkrm.BoomsetEventUITests;
				PRODUCT_NAME = "$(TARGET_NAME)";
				SWIFT_VERSION = 5.0;
				TARGETED_DEVICE_FAMILY = "1,2";
				TEST_TARGET_NAME = BoomsetEvent;
			};
			name = Debug;
		};
		DB260365237E04010076F63A /* Release */ = {
			isa = XCBuildConfiguration;
			baseConfigurationReference = 3B77B9F423A7147FA10A2030 /* Pods-BoomsetEvent-BoomsetEventUITests.release.xcconfig */;
			buildSettings = {
				ALWAYS_EMBED_SWIFT_STANDARD_LIBRARIES = YES;
				CODE_SIGN_STYLE = Automatic;
				DEVELOPMENT_TEAM = 8Q8Q745UYS;
				INFOPLIST_FILE = BoomsetEventUITests/Info.plist;
				LD_RUNPATH_SEARCH_PATHS = (
					"$(inherited)",
					"@executable_path/Frameworks",
					"@loader_path/Frameworks",
				);
				PRODUCT_BUNDLE_IDENTIFIER = com.devkrm.BoomsetEventUITests;
				PRODUCT_NAME = "$(TARGET_NAME)";
				SWIFT_VERSION = 5.0;
				TARGETED_DEVICE_FAMILY = "1,2";
				TEST_TARGET_NAME = BoomsetEvent;
			};
			name = Release;
		};
/* End XCBuildConfiguration section */

/* Begin XCConfigurationList section */
		DB26032E237E03FF0076F63A /* Build configuration list for PBXProject "BoomsetEvent" */ = {
			isa = XCConfigurationList;
			buildConfigurations = (
				DB26035B237E04010076F63A /* Debug */,
				DB26035C237E04010076F63A /* Release */,
			);
			defaultConfigurationIsVisible = 0;
			defaultConfigurationName = Release;
		};
		DB26035D237E04010076F63A /* Build configuration list for PBXNativeTarget "BoomsetEvent" */ = {
			isa = XCConfigurationList;
			buildConfigurations = (
				DB26035E237E04010076F63A /* Debug */,
				DB26035F237E04010076F63A /* Release */,
			);
			defaultConfigurationIsVisible = 0;
			defaultConfigurationName = Release;
		};
		DB260360237E04010076F63A /* Build configuration list for PBXNativeTarget "BoomsetEventTests" */ = {
			isa = XCConfigurationList;
			buildConfigurations = (
				DB260361237E04010076F63A /* Debug */,
				DB260362237E04010076F63A /* Release */,
			);
			defaultConfigurationIsVisible = 0;
			defaultConfigurationName = Release;
		};
		DB260363237E04010076F63A /* Build configuration list for PBXNativeTarget "BoomsetEventUITests" */ = {
			isa = XCConfigurationList;
			buildConfigurations = (
				DB260364237E04010076F63A /* Debug */,
				DB260365237E04010076F63A /* Release */,
			);
			defaultConfigurationIsVisible = 0;
			defaultConfigurationName = Release;
		};
/* End XCConfigurationList section */
	};
	rootObject = DB26032B237E03FF0076F63A /* Project object */;
}
